
Microsoft Visual Studio Solution File, Format Version 12.00
# Visual Studio Version 17
VisualStudioVersion = 17.5.33530.505
MinimumVisualStudioVersion = 10.0.40219.1
Project("{2150E333-8FDC-42A3-9474-1A3956D46DE8}") = "Microservices", "Microservices", "{9DBC7B22-ACAF-487A-BE82-042C3CB17CC3}"
EndProject
Project("{2150E333-8FDC-42A3-9474-1A3956D46DE8}") = "Domain", "Domain", "{7151D12A-83E0-4A3D-9067-B1AEE6B8EACB}"
EndProject
Project("{2150E333-8FDC-42A3-9474-1A3956D46DE8}") = "Infra.Bus", "Infra.Bus", "{BB11CCC5-BFA8-49B7-8FEB-1343E7F8F4C4}"
EndProject
Project("{2150E333-8FDC-42A3-9474-1A3956D46DE8}") = "infra.IOC", "infra.IOC", "{1D53868A-4BD1-4DEA-A7F4-0B84EE54F8E8}"
EndProject
Project("{2150E333-8FDC-42A3-9474-1A3956D46DE8}") = "Presentation", "Presentation", "{2A90BE01-3002-4F76-AE77-1C7DA39D403F}"
EndProject
Project("{9A19103F-16F7-4668-BE54-9A1E7A4F7556}") = "MicroRabbit.Domain.Core", "MicroRabbit.Domain.Core\MicroRabbit.Domain.Core.csproj", "{1B1000AF-EDC0-4B14-B4C2-F5D60C528F0A}"
EndProject
Project("{9A19103F-16F7-4668-BE54-9A1E7A4F7556}") = "MicroRabbit.Infra.Bus", "MicroRabbit.Infra.Bus\MicroRabbit.Infra.Bus.csproj", "{072688B3-1B96-459E-998D-98A998756BE5}"
EndProject
Project("{9A19103F-16F7-4668-BE54-9A1E7A4F7556}") = "MicroRabbit.infra.Ioc", "MicroRabbit.infra.Ioc\MicroRabbit.infra.Ioc.csproj", "{92F1B3CB-A3D8-4709-9D4A-1A0B3D5C5306}"
EndProject
Project("{2150E333-8FDC-42A3-9474-1A3956D46DE8}") = "Banking", "Banking", "{892698D5-812C-47B4-9208-8C52FF054C10}"
EndProject
Project("{2150E333-8FDC-42A3-9474-1A3956D46DE8}") = "Api", "Api", "{4A37EB54-F08F-4656-A092-24C08F5932F5}"
EndProject
Project("{2150E333-8FDC-42A3-9474-1A3956D46DE8}") = "Domain", "Domain", "{0EFD9ADE-EA39-412B-9181-D6408D6031A5}"
EndProject
Project("{2150E333-8FDC-42A3-9474-1A3956D46DE8}") = "Application", "Application", "{42831D52-6218-46B4-B14A-7FFC31B5E527}"
EndProject
Project("{2150E333-8FDC-42A3-9474-1A3956D46DE8}") = "Data", "Data", "{0947FC08-3390-4BBB-B9A4-42692CAE5A64}"
EndProject
Project("{9A19103F-16F7-4668-BE54-9A1E7A4F7556}") = "MicroRabbit.Banking.Application", "MicroRabbit.Banking.Application\MicroRabbit.Banking.Application.csproj", "{D358E4B5-C8CF-4649-8740-75AD62DA3129}"
EndProject
Project("{9A19103F-16F7-4668-BE54-9A1E7A4F7556}") = "MicroRabbit.Banking.Data", "MicroRabbit.Banking.Data\MicroRabbit.Banking.Data.csproj", "{864CDA13-9B3A-4F1F-A516-7862FCF79F39}"
EndProject
Project("{9A19103F-16F7-4668-BE54-9A1E7A4F7556}") = "MicroRabbit.Banking.Domain", "MicroRabbit.Banking.Domain\MicroRabbit.Banking.Domain.csproj", "{CE924037-33D6-422B-9B2B-7F0748DDC4B7}"
EndProject
Project("{9A19103F-16F7-4668-BE54-9A1E7A4F7556}") = "MicroRabbit.Banking.Api", "MicroRabbit.Banking.Api\MicroRabbit.Banking.Api.csproj", "{0CE83B01-0E62-46CB-90F6-E785398157FE}"
EndProject
Project("{2150E333-8FDC-42A3-9474-1A3956D46DE8}") = "Transfer", "Transfer", "{012F4D4C-E22B-4513-8184-02853465F956}"
EndProject
Project("{2150E333-8FDC-42A3-9474-1A3956D46DE8}") = "Api", "Api", "{CA941850-2B58-4143-B7A9-0613606CF27C}"
EndProject
Project("{2150E333-8FDC-42A3-9474-1A3956D46DE8}") = "Application", "Application", "{F38F87DA-F80C-4D1A-AD90-D91A8C656AEE}"
EndProject
Project("{2150E333-8FDC-42A3-9474-1A3956D46DE8}") = "Domain", "Domain", "{4781B389-CC15-433F-A879-558B8C14D5A4}"
EndProject
Project("{2150E333-8FDC-42A3-9474-1A3956D46DE8}") = "Data", "Data", "{ED5321C7-70EC-421B-B37C-E1206BDE86F1}"
EndProject
Project("{FAE04EC0-301F-11D3-BF4B-00C04F79EFBC}") = "MicroRabbit.Transfer.Api", "MicroRabbit.Transfer.Api\MicroRabbit.Transfer.Api.csproj", "{86E2CC73-F694-479E-8C84-67AF1052A031}"
EndProject
Project("{FAE04EC0-301F-11D3-BF4B-00C04F79EFBC}") = "MicroRabbit.Transfer.Application", "MicroRabbit.Transfer.Application\MicroRabbit.Transfer.Application.csproj", "{5CE2BC10-F2A7-4462-B397-5A13CC7202CB}"
EndProject
Project("{FAE04EC0-301F-11D3-BF4B-00C04F79EFBC}") = "MicroRabbit.Transfer.Domain", "MicroRabbit.Transfer.Domain\MicroRabbit.Transfer.Domain.csproj", "{60DA932E-B412-4D27-879E-88E772104492}"
EndProject
Project("{FAE04EC0-301F-11D3-BF4B-00C04F79EFBC}") = "MicroRabbit.Transfer.Data", "MicroRabbit.Transfer.Data\MicroRabbit.Transfer.Data.csproj", "{CD5028C5-BC97-423F-9719-F57542CB6FE0}"
EndProject
Global
	GlobalSection(SolutionConfigurationPlatforms) = preSolution
		Debug|Any CPU = Debug|Any CPU
		Release|Any CPU = Release|Any CPU
	EndGlobalSection
	GlobalSection(ProjectConfigurationPlatforms) = postSolution
		{1B1000AF-EDC0-4B14-B4C2-F5D60C528F0A}.Debug|Any CPU.ActiveCfg = Debug|Any CPU
		{1B1000AF-EDC0-4B14-B4C2-F5D60C528F0A}.Debug|Any CPU.Build.0 = Debug|Any CPU
		{1B1000AF-EDC0-4B14-B4C2-F5D60C528F0A}.Release|Any CPU.ActiveCfg = Release|Any CPU
		{1B1000AF-EDC0-4B14-B4C2-F5D60C528F0A}.Release|Any CPU.Build.0 = Release|Any CPU
		{072688B3-1B96-459E-998D-98A998756BE5}.Debug|Any CPU.ActiveCfg = Debug|Any CPU
		{072688B3-1B96-459E-998D-98A998756BE5}.Debug|Any CPU.Build.0 = Debug|Any CPU
		{072688B3-1B96-459E-998D-98A998756BE5}.Release|Any CPU.ActiveCfg = Release|Any CPU
		{072688B3-1B96-459E-998D-98A998756BE5}.Release|Any CPU.Build.0 = Release|Any CPU
		{92F1B3CB-A3D8-4709-9D4A-1A0B3D5C5306}.Debug|Any CPU.ActiveCfg = Debug|Any CPU
		{92F1B3CB-A3D8-4709-9D4A-1A0B3D5C5306}.Debug|Any CPU.Build.0 = Debug|Any CPU
		{92F1B3CB-A3D8-4709-9D4A-1A0B3D5C5306}.Release|Any CPU.ActiveCfg = Release|Any CPU
		{92F1B3CB-A3D8-4709-9D4A-1A0B3D5C5306}.Release|Any CPU.Build.0 = Release|Any CPU
		{D358E4B5-C8CF-4649-8740-75AD62DA3129}.Debug|Any CPU.ActiveCfg = Debug|Any CPU
		{D358E4B5-C8CF-4649-8740-75AD62DA3129}.Debug|Any CPU.Build.0 = Debug|Any CPU
		{D358E4B5-C8CF-4649-8740-75AD62DA3129}.Release|Any CPU.ActiveCfg = Release|Any CPU
		{D358E4B5-C8CF-4649-8740-75AD62DA3129}.Release|Any CPU.Build.0 = Release|Any CPU
		{864CDA13-9B3A-4F1F-A516-7862FCF79F39}.Debug|Any CPU.ActiveCfg = Debug|Any CPU
		{864CDA13-9B3A-4F1F-A516-7862FCF79F39}.Debug|Any CPU.Build.0 = Debug|Any CPU
		{864CDA13-9B3A-4F1F-A516-7862FCF79F39}.Release|Any CPU.ActiveCfg = Release|Any CPU
		{864CDA13-9B3A-4F1F-A516-7862FCF79F39}.Release|Any CPU.Build.0 = Release|Any CPU
		{CE924037-33D6-422B-9B2B-7F0748DDC4B7}.Debug|Any CPU.ActiveCfg = Debug|Any CPU
		{CE924037-33D6-422B-9B2B-7F0748DDC4B7}.Debug|Any CPU.Build.0 = Debug|Any CPU
		{CE924037-33D6-422B-9B2B-7F0748DDC4B7}.Release|Any CPU.ActiveCfg = Release|Any CPU
		{CE924037-33D6-422B-9B2B-7F0748DDC4B7}.Release|Any CPU.Build.0 = Release|Any CPU
		{0CE83B01-0E62-46CB-90F6-E785398157FE}.Debug|Any CPU.ActiveCfg = Debug|Any CPU
		{0CE83B01-0E62-46CB-90F6-E785398157FE}.Debug|Any CPU.Build.0 = Debug|Any CPU
		{0CE83B01-0E62-46CB-90F6-E785398157FE}.Release|Any CPU.ActiveCfg = Release|Any CPU
		{0CE83B01-0E62-46CB-90F6-E785398157FE}.Release|Any CPU.Build.0 = Release|Any CPU
		{86E2CC73-F694-479E-8C84-67AF1052A031}.Debug|Any CPU.ActiveCfg = Debug|Any CPU
		{86E2CC73-F694-479E-8C84-67AF1052A031}.Debug|Any CPU.Build.0 = Debug|Any CPU
		{86E2CC73-F694-479E-8C84-67AF1052A031}.Release|Any CPU.ActiveCfg = Release|Any CPU
		{86E2CC73-F694-479E-8C84-67AF1052A031}.Release|Any CPU.Build.0 = Release|Any CPU
		{5CE2BC10-F2A7-4462-B397-5A13CC7202CB}.Debug|Any CPU.ActiveCfg = Debug|Any CPU
		{5CE2BC10-F2A7-4462-B397-5A13CC7202CB}.Debug|Any CPU.Build.0 = Debug|Any CPU
		{5CE2BC10-F2A7-4462-B397-5A13CC7202CB}.Release|Any CPU.ActiveCfg = Release|Any CPU
		{5CE2BC10-F2A7-4462-B397-5A13CC7202CB}.Release|Any CPU.Build.0 = Release|Any CPU
		{60DA932E-B412-4D27-879E-88E772104492}.Debug|Any CPU.ActiveCfg = Debug|Any CPU
		{60DA932E-B412-4D27-879E-88E772104492}.Debug|Any CPU.Build.0 = Debug|Any CPU
		{60DA932E-B412-4D27-879E-88E772104492}.Release|Any CPU.ActiveCfg = Release|Any CPU
		{60DA932E-B412-4D27-879E-88E772104492}.Release|Any CPU.Build.0 = Release|Any CPU
		{CD5028C5-BC97-423F-9719-F57542CB6FE0}.Debug|Any CPU.ActiveCfg = Debug|Any CPU
		{CD5028C5-BC97-423F-9719-F57542CB6FE0}.Debug|Any CPU.Build.0 = Debug|Any CPU
		{CD5028C5-BC97-423F-9719-F57542CB6FE0}.Release|Any CPU.ActiveCfg = Release|Any CPU
		{CD5028C5-BC97-423F-9719-F57542CB6FE0}.Release|Any CPU.Build.0 = Release|Any CPU
	EndGlobalSection
	GlobalSection(SolutionProperties) = preSolution
		HideSolutionNode = FALSE
	EndGlobalSection
	GlobalSection(NestedProjects) = preSolution
		{1B1000AF-EDC0-4B14-B4C2-F5D60C528F0A} = {7151D12A-83E0-4A3D-9067-B1AEE6B8EACB}
		{072688B3-1B96-459E-998D-98A998756BE5} = {BB11CCC5-BFA8-49B7-8FEB-1343E7F8F4C4}
		{92F1B3CB-A3D8-4709-9D4A-1A0B3D5C5306} = {1D53868A-4BD1-4DEA-A7F4-0B84EE54F8E8}
		{892698D5-812C-47B4-9208-8C52FF054C10} = {9DBC7B22-ACAF-487A-BE82-042C3CB17CC3}
		{4A37EB54-F08F-4656-A092-24C08F5932F5} = {892698D5-812C-47B4-9208-8C52FF054C10}
		{0EFD9ADE-EA39-412B-9181-D6408D6031A5} = {892698D5-812C-47B4-9208-8C52FF054C10}
		{42831D52-6218-46B4-B14A-7FFC31B5E527} = {892698D5-812C-47B4-9208-8C52FF054C10}
		{0947FC08-3390-4BBB-B9A4-42692CAE5A64} = {892698D5-812C-47B4-9208-8C52FF054C10}
		{D358E4B5-C8CF-4649-8740-75AD62DA3129} = {42831D52-6218-46B4-B14A-7FFC31B5E527}
		{864CDA13-9B3A-4F1F-A516-7862FCF79F39} = {0947FC08-3390-4BBB-B9A4-42692CAE5A64}
		{CE924037-33D6-422B-9B2B-7F0748DDC4B7} = {0EFD9ADE-EA39-412B-9181-D6408D6031A5}
		{0CE83B01-0E62-46CB-90F6-E785398157FE} = {4A37EB54-F08F-4656-A092-24C08F5932F5}
		{012F4D4C-E22B-4513-8184-02853465F956} = {9DBC7B22-ACAF-487A-BE82-042C3CB17CC3}
		{CA941850-2B58-4143-B7A9-0613606CF27C} = {012F4D4C-E22B-4513-8184-02853465F956}
		{F38F87DA-F80C-4D1A-AD90-D91A8C656AEE} = {012F4D4C-E22B-4513-8184-02853465F956}
		{4781B389-CC15-433F-A879-558B8C14D5A4} = {012F4D4C-E22B-4513-8184-02853465F956}
		{ED5321C7-70EC-421B-B37C-E1206BDE86F1} = {012F4D4C-E22B-4513-8184-02853465F956}
		{86E2CC73-F694-479E-8C84-67AF1052A031} = {CA941850-2B58-4143-B7A9-0613606CF27C}
		{5CE2BC10-F2A7-4462-B397-5A13CC7202CB} = {F38F87DA-F80C-4D1A-AD90-D91A8C656AEE}
		{60DA932E-B412-4D27-879E-88E772104492} = {4781B389-CC15-433F-A879-558B8C14D5A4}
		{CD5028C5-BC97-423F-9719-F57542CB6FE0} = {ED5321C7-70EC-421B-B37C-E1206BDE86F1}
	EndGlobalSection
	GlobalSection(ExtensibilityGlobals) = postSolution
		SolutionGuid = {0199AB5B-8D65-49B0-A90A-DADBDB499F9E}
	EndGlobalSection
EndGlobal
